# THIS IS AN AUTOGENERATED FILE. DO NOT EDIT THIS FILE DIRECTLY.
# yarn lockfile v1


lodash.get@^4.4.2:
  version "4.4.2"
  resolved "https://registry.yarnpkg.com/lodash.get/-/lodash.get-4.4.2.tgz#2d177f652fa31e939b4438d5341499dfa3825e99"
  integrity sha1-LRd/ZS+jHpObRDjVNBSZ36OCXpk=

lodash.isempty@^4.4.0:
  version "4.4.0"
  resolved "https://registry.yarnpkg.com/lodash.isempty/-/lodash.isempty-4.4.0.tgz#6f86cbedd8be4ec987be9aaf33c9684db1b31e7e"
  integrity sha1-b4bL7di+TsmHvpqvM8loTbGzHn4=

"serverless-api-gateway-caching@https://github.com/doubly/serverless-api-gateway-caching.git#skip-restapi-check":
  version "1.1.4"
  resolved "https://github.com/doubly/serverless-api-gateway-caching.git#517a9d8c68ebe3445beb74bafd6c75f177497276"
  dependencies:
    lodash.get "^4.4.2"
    lodash.isempty "^4.4.0"
